
Microsoft Visual Studio Solution File, Format Version 12.00
# Visual Studio Version 16
VisualStudioVersion = 16.0.31624.102
MinimumVisualStudioVersion = 10.0.40219.1
Project("{FAE04EC0-301F-11D3-BF4B-00C04F79EFBC}") = "Overall App", "Overall App.csproj", "{A28D8CB7-313E-4443-8E1E-9E85B624E98B}"
EndProject
Global
	GlobalSection(SolutionConfigurationPlatforms) = preSolution
		Debug|Any CPU = Debug|Any CPU
		Release|Any CPU = Release|Any CPU
	EndGlobalSection
	GlobalSection(ProjectConfigurationPlatforms) = postSolution
		{A28D8CB7-313E-4443-8E1E-9E85B624E98B}.Debug|Any CPU.ActiveCfg = Debug|Any CPU
		{A28D8CB7-313E-4443-8E1E-9E85B624E98B}.Debug|Any CPU.Build.0 = Debug|Any CPU
		{A28D8CB7-313E-4443-8E1E-9E85B624E98B}.Release|Any CPU.ActiveCfg = Release|Any CPU
		{A28D8CB7-313E-4443-8E1E-9E85B624E98B}.Release|Any CPU.Build.0 = Release|Any CPU
	EndGlobalSection
	GlobalSection(SolutionProperties) = preSolution
		HideSolutionNode = FALSE
	EndGlobalSection
	GlobalSection(ExtensibilityGlobals) = postSolution
		SolutionGuid = {C98F9C53-F462-4DD0-8567-E300608A3DF6}
	EndGlobalSection
EndGlobal
